
Microsoft Visual Studio Solution File, Format Version 12.00
# Visual Studio Version 17
VisualStudioVersion = 17.14.36121.58 d17.14
MinimumVisualStudioVersion = 10.0.40219.1
Project("{FAE04EC0-301F-11D3-BF4B-00C04F79EFBC}") = "GanievIR", "GanievIR\GanievIR.csproj", "{AA418F79-4B9A-460D-8522-D2F7C70CA6D0}"
EndProject
Global
	GlobalSection(SolutionConfigurationPlatforms) = preSolution
		Debug|Any CPU = Debug|Any CPU
		Release|Any CPU = Release|Any CPU
	EndGlobalSection
	GlobalSection(ProjectConfigurationPlatforms) = postSolution
		{AA418F79-4B9A-460D-8522-D2F7C70CA6D0}.Debug|Any CPU.ActiveCfg = Debug|Any CPU
		{AA418F79-4B9A-460D-8522-D2F7C70CA6D0}.Debug|Any CPU.Build.0 = Debug|Any CPU
		{AA418F79-4B9A-460D-8522-D2F7C70CA6D0}.Release|Any CPU.ActiveCfg = Release|Any CPU
		{AA418F79-4B9A-460D-8522-D2F7C70CA6D0}.Release|Any CPU.Build.0 = Release|Any CPU
	EndGlobalSection
	GlobalSection(SolutionProperties) = preSolution
		HideSolutionNode = FALSE
	EndGlobalSection
	GlobalSection(ExtensibilityGlobals) = postSolution
		SolutionGuid = {375D8866-6843-4DF1-AA4B-331EB62D3758}
	EndGlobalSection
EndGlobal
